
Microsoft Visual Studio Solution File, Format Version 12.00
# Visual Studio Version 17
VisualStudioVersion = 17.3.32825.248
MinimumVisualStudioVersion = 10.0.40219.1
Project("{FAE04EC0-301F-11D3-BF4B-00C04F79EFBC}") = "ControladorASP", "ControladorASP\ControladorASP.csproj", "{4C939C1F-2776-4BD5-B5F5-6D7ADAF82922}"
EndProject
Global
	GlobalSection(SolutionConfigurationPlatforms) = preSolution
		Debug|Any CPU = Debug|Any CPU
		Release|Any CPU = Release|Any CPU
	EndGlobalSection
	GlobalSection(ProjectConfigurationPlatforms) = postSolution
		{4C939C1F-2776-4BD5-B5F5-6D7ADAF82922}.Debug|Any CPU.ActiveCfg = Debug|Any CPU
		{4C939C1F-2776-4BD5-B5F5-6D7ADAF82922}.Debug|Any CPU.Build.0 = Debug|Any CPU
		{4C939C1F-2776-4BD5-B5F5-6D7ADAF82922}.Release|Any CPU.ActiveCfg = Release|Any CPU
		{4C939C1F-2776-4BD5-B5F5-6D7ADAF82922}.Release|Any CPU.Build.0 = Release|Any CPU
	EndGlobalSection
	GlobalSection(SolutionProperties) = preSolution
		HideSolutionNode = FALSE
	EndGlobalSection
	GlobalSection(ExtensibilityGlobals) = postSolution
		SolutionGuid = {2F66FD03-13E9-46CC-B0F5-B035454BE915}
	EndGlobalSection
EndGlobal
